
Microsoft Visual Studio Solution File, Format Version 12.00
# Visual Studio Version 17
VisualStudioVersion = 17.0.31903.59
MinimumVisualStudioVersion = 10.0.40219.1
Project("{2150E333-8FDC-42A3-9474-1A3956D46DE8}") = "src", "src", "{827E0CD3-B72D-47B6-A68D-7590B98EB39B}"
EndProject
Project("{FAE04EC0-301F-11D3-BF4B-00C04F79EFBC}") = "Dental.Api", "src\Dental.Api\Dental.Api.csproj", "{EB3708BA-F19F-4968-B11B-F4522CCA36B1}"
EndProject
Project("{FAE04EC0-301F-11D3-BF4B-00C04F79EFBC}") = "Dental.Application", "src\Dental.Application\Dental.Application.csproj", "{9F8FED1D-DB0C-4B92-88C2-A139298342A5}"
EndProject
Project("{FAE04EC0-301F-11D3-BF4B-00C04F79EFBC}") = "Dental.Domain", "src\Dental.Domain\Dental.Domain.csproj", "{96656E5A-0483-4F3D-883E-4E68DA75933F}"
EndProject
Project("{FAE04EC0-301F-11D3-BF4B-00C04F79EFBC}") = "Dental.Infrastructure", "src\Dental.Infrastructure\Dental.Infrastructure.csproj", "{DD14168D-8695-41EC-9812-FDEA9E686088}"
EndProject
Project("{FAE04EC0-301F-11D3-BF4B-00C04F79EFBC}") = "Dental.Seed", "src\Dental.Seed\Dental.Seed.csproj", "{FB4AC694-1EFD-438F-8BE7-5A9B06DF78A6}"
EndProject
Project("{2150E333-8FDC-42A3-9474-1A3956D46DE8}") = "tests", "tests", "{0AB3BF05-4346-4AA6-1389-037BE0695223}"
EndProject
Project("{FAE04EC0-301F-11D3-BF4B-00C04F79EFBC}") = "Dental.Api.Tests", "tests\Dental.Api.Tests\Dental.Api.Tests.csproj", "{6691DB87-D826-461A-860D-BEC82F65362C}"
EndProject
Project("{FAE04EC0-301F-11D3-BF4B-00C04F79EFBC}") = "Dental.Architecture.Tests", "tests\Dental.Architecture.Tests\Dental.Architecture.Tests.csproj", "{5BCC3723-2667-455C-B114-19218E42031D}"
EndProject
Project("{FAE04EC0-301F-11D3-BF4B-00C04F79EFBC}") = "Dental.Domain.Tests", "tests\Dental.Domain.Tests\Dental.Domain.Tests.csproj", "{F97ED685-515A-4365-8EE1-4423645C1B87}"
EndProject
Project("{FAE04EC0-301F-11D3-BF4B-00C04F79EFBC}") = "Dental.Reports.Tests", "tests\Dental.Reports.Tests\Dental.Reports.Tests.csproj", "{C113C2D4-8683-4134-B6DE-B55E15C8D723}"
EndProject
Global
	GlobalSection(SolutionConfigurationPlatforms) = preSolution
		Debug|Any CPU = Debug|Any CPU
		Debug|x64 = Debug|x64
		Debug|x86 = Debug|x86
		Release|Any CPU = Release|Any CPU
		Release|x64 = Release|x64
		Release|x86 = Release|x86
	EndGlobalSection
	GlobalSection(ProjectConfigurationPlatforms) = postSolution
		{EB3708BA-F19F-4968-B11B-F4522CCA36B1}.Debug|Any CPU.ActiveCfg = Debug|Any CPU
		{EB3708BA-F19F-4968-B11B-F4522CCA36B1}.Debug|Any CPU.Build.0 = Debug|Any CPU
		{EB3708BA-F19F-4968-B11B-F4522CCA36B1}.Debug|x64.ActiveCfg = Debug|Any CPU
		{EB3708BA-F19F-4968-B11B-F4522CCA36B1}.Debug|x64.Build.0 = Debug|Any CPU
		{EB3708BA-F19F-4968-B11B-F4522CCA36B1}.Debug|x86.ActiveCfg = Debug|Any CPU
		{EB3708BA-F19F-4968-B11B-F4522CCA36B1}.Debug|x86.Build.0 = Debug|Any CPU
		{EB3708BA-F19F-4968-B11B-F4522CCA36B1}.Release|Any CPU.ActiveCfg = Release|Any CPU
		{EB3708BA-F19F-4968-B11B-F4522CCA36B1}.Release|Any CPU.Build.0 = Release|Any CPU
		{EB3708BA-F19F-4968-B11B-F4522CCA36B1}.Release|x64.ActiveCfg = Release|Any CPU
		{EB3708BA-F19F-4968-B11B-F4522CCA36B1}.Release|x64.Build.0 = Release|Any CPU
		{EB3708BA-F19F-4968-B11B-F4522CCA36B1}.Release|x86.ActiveCfg = Release|Any CPU
		{EB3708BA-F19F-4968-B11B-F4522CCA36B1}.Release|x86.Build.0 = Release|Any CPU
		{9F8FED1D-DB0C-4B92-88C2-A139298342A5}.Debug|Any CPU.ActiveCfg = Debug|Any CPU
		{9F8FED1D-DB0C-4B92-88C2-A139298342A5}.Debug|Any CPU.Build.0 = Debug|Any CPU
		{9F8FED1D-DB0C-4B92-88C2-A139298342A5}.Debug|x64.ActiveCfg = Debug|Any CPU
		{9F8FED1D-DB0C-4B92-88C2-A139298342A5}.Debug|x64.Build.0 = Debug|Any CPU
		{9F8FED1D-DB0C-4B92-88C2-A139298342A5}.Debug|x86.ActiveCfg = Debug|Any CPU
		{9F8FED1D-DB0C-4B92-88C2-A139298342A5}.Debug|x86.Build.0 = Debug|Any CPU
		{9F8FED1D-DB0C-4B92-88C2-A139298342A5}.Release|Any CPU.ActiveCfg = Release|Any CPU
		{9F8FED1D-DB0C-4B92-88C2-A139298342A5}.Release|Any CPU.Build.0 = Release|Any CPU
		{9F8FED1D-DB0C-4B92-88C2-A139298342A5}.Release|x64.ActiveCfg = Release|Any CPU
		{9F8FED1D-DB0C-4B92-88C2-A139298342A5}.Release|x64.Build.0 = Release|Any CPU
		{9F8FED1D-DB0C-4B92-88C2-A139298342A5}.Release|x86.ActiveCfg = Release|Any CPU
		{9F8FED1D-DB0C-4B92-88C2-A139298342A5}.Release|x86.Build.0 = Release|Any CPU
		{96656E5A-0483-4F3D-883E-4E68DA75933F}.Debug|Any CPU.ActiveCfg = Debug|Any CPU
		{96656E5A-0483-4F3D-883E-4E68DA75933F}.Debug|Any CPU.Build.0 = Debug|Any CPU
		{96656E5A-0483-4F3D-883E-4E68DA75933F}.Debug|x64.ActiveCfg = Debug|Any CPU
		{96656E5A-0483-4F3D-883E-4E68DA75933F}.Debug|x64.Build.0 = Debug|Any CPU
		{96656E5A-0483-4F3D-883E-4E68DA75933F}.Debug|x86.ActiveCfg = Debug|Any CPU
		{96656E5A-0483-4F3D-883E-4E68DA75933F}.Debug|x86.Build.0 = Debug|Any CPU
		{96656E5A-0483-4F3D-883E-4E68DA75933F}.Release|Any CPU.ActiveCfg = Release|Any CPU
		{96656E5A-0483-4F3D-883E-4E68DA75933F}.Release|Any CPU.Build.0 = Release|Any CPU
		{96656E5A-0483-4F3D-883E-4E68DA75933F}.Release|x64.ActiveCfg = Release|Any CPU
		{96656E5A-0483-4F3D-883E-4E68DA75933F}.Release|x64.Build.0 = Release|Any CPU
		{96656E5A-0483-4F3D-883E-4E68DA75933F}.Release|x86.ActiveCfg = Release|Any CPU
		{96656E5A-0483-4F3D-883E-4E68DA75933F}.Release|x86.Build.0 = Release|Any CPU
		{DD14168D-8695-41EC-9812-FDEA9E686088}.Debug|Any CPU.ActiveCfg = Debug|Any CPU
		{DD14168D-8695-41EC-9812-FDEA9E686088}.Debug|Any CPU.Build.0 = Debug|Any CPU
		{DD14168D-8695-41EC-9812-FDEA9E686088}.Debug|x64.ActiveCfg = Debug|Any CPU
		{DD14168D-8695-41EC-9812-FDEA9E686088}.Debug|x64.Build.0 = Debug|Any CPU
		{DD14168D-8695-41EC-9812-FDEA9E686088}.Debug|x86.ActiveCfg = Debug|Any CPU
		{DD14168D-8695-41EC-9812-FDEA9E686088}.Debug|x86.Build.0 = Debug|Any CPU
		{DD14168D-8695-41EC-9812-FDEA9E686088}.Release|Any CPU.ActiveCfg = Release|Any CPU
		{DD14168D-8695-41EC-9812-FDEA9E686088}.Release|Any CPU.Build.0 = Release|Any CPU
		{DD14168D-8695-41EC-9812-FDEA9E686088}.Release|x64.ActiveCfg = Release|Any CPU
		{DD14168D-8695-41EC-9812-FDEA9E686088}.Release|x64.Build.0 = Release|Any CPU
		{DD14168D-8695-41EC-9812-FDEA9E686088}.Release|x86.ActiveCfg = Release|Any CPU
		{DD14168D-8695-41EC-9812-FDEA9E686088}.Release|x86.Build.0 = Release|Any CPU
		{FB4AC694-1EFD-438F-8BE7-5A9B06DF78A6}.Debug|Any CPU.ActiveCfg = Debug|Any CPU
		{FB4AC694-1EFD-438F-8BE7-5A9B06DF78A6}.Debug|Any CPU.Build.0 = Debug|Any CPU
		{FB4AC694-1EFD-438F-8BE7-5A9B06DF78A6}.Debug|x64.ActiveCfg = Debug|Any CPU
		{FB4AC694-1EFD-438F-8BE7-5A9B06DF78A6}.Debug|x64.Build.0 = Debug|Any CPU
		{FB4AC694-1EFD-438F-8BE7-5A9B06DF78A6}.Debug|x86.ActiveCfg = Debug|Any CPU
		{FB4AC694-1EFD-438F-8BE7-5A9B06DF78A6}.Debug|x86.Build.0 = Debug|Any CPU
		{FB4AC694-1EFD-438F-8BE7-5A9B06DF78A6}.Release|Any CPU.ActiveCfg = Release|Any CPU
		{FB4AC694-1EFD-438F-8BE7-5A9B06DF78A6}.Release|Any CPU.Build.0 = Release|Any CPU
		{FB4AC694-1EFD-438F-8BE7-5A9B06DF78A6}.Release|x64.ActiveCfg = Release|Any CPU
		{FB4AC694-1EFD-438F-8BE7-5A9B06DF78A6}.Release|x64.Build.0 = Release|Any CPU
		{FB4AC694-1EFD-438F-8BE7-5A9B06DF78A6}.Release|x86.ActiveCfg = Release|Any CPU
		{FB4AC694-1EFD-438F-8BE7-5A9B06DF78A6}.Release|x86.Build.0 = Release|Any CPU
		{6691DB87-D826-461A-860D-BEC82F65362C}.Debug|Any CPU.ActiveCfg = Debug|Any CPU
		{6691DB87-D826-461A-860D-BEC82F65362C}.Debug|Any CPU.Build.0 = Debug|Any CPU
		{6691DB87-D826-461A-860D-BEC82F65362C}.Debug|x64.ActiveCfg = Debug|Any CPU
		{6691DB87-D826-461A-860D-BEC82F65362C}.Debug|x64.Build.0 = Debug|Any CPU
		{6691DB87-D826-461A-860D-BEC82F65362C}.Debug|x86.ActiveCfg = Debug|Any CPU
		{6691DB87-D826-461A-860D-BEC82F65362C}.Debug|x86.Build.0 = Debug|Any CPU
		{6691DB87-D826-461A-860D-BEC82F65362C}.Release|Any CPU.ActiveCfg = Release|Any CPU
		{6691DB87-D826-461A-860D-BEC82F65362C}.Release|Any CPU.Build.0 = Release|Any CPU
		{6691DB87-D826-461A-860D-BEC82F65362C}.Release|x64.ActiveCfg = Release|Any CPU
		{6691DB87-D826-461A-860D-BEC82F65362C}.Release|x64.Build.0 = Release|Any CPU
		{6691DB87-D826-461A-860D-BEC82F65362C}.Release|x86.ActiveCfg = Release|Any CPU
		{6691DB87-D826-461A-860D-BEC82F65362C}.Release|x86.Build.0 = Release|Any CPU
		{5BCC3723-2667-455C-B114-19218E42031D}.Debug|Any CPU.ActiveCfg = Debug|Any CPU
		{5BCC3723-2667-455C-B114-19218E42031D}.Debug|Any CPU.Build.0 = Debug|Any CPU
		{5BCC3723-2667-455C-B114-19218E42031D}.Debug|x64.ActiveCfg = Debug|Any CPU
		{5BCC3723-2667-455C-B114-19218E42031D}.Debug|x64.Build.0 = Debug|Any CPU
		{5BCC3723-2667-455C-B114-19218E42031D}.Debug|x86.ActiveCfg = Debug|Any CPU
		{5BCC3723-2667-455C-B114-19218E42031D}.Debug|x86.Build.0 = Debug|Any CPU
		{5BCC3723-2667-455C-B114-19218E42031D}.Release|Any CPU.ActiveCfg = Release|Any CPU
		{5BCC3723-2667-455C-B114-19218E42031D}.Release|Any CPU.Build.0 = Release|Any CPU
		{5BCC3723-2667-455C-B114-19218E42031D}.Release|x64.ActiveCfg = Release|Any CPU
		{5BCC3723-2667-455C-B114-19218E42031D}.Release|x64.Build.0 = Release|Any CPU
		{5BCC3723-2667-455C-B114-19218E42031D}.Release|x86.ActiveCfg = Release|Any CPU
		{5BCC3723-2667-455C-B114-19218E42031D}.Release|x86.Build.0 = Release|Any CPU
		{F97ED685-515A-4365-8EE1-4423645C1B87}.Debug|Any CPU.ActiveCfg = Debug|Any CPU
		{F97ED685-515A-4365-8EE1-4423645C1B87}.Debug|Any CPU.Build.0 = Debug|Any CPU
		{F97ED685-515A-4365-8EE1-4423645C1B87}.Debug|x64.ActiveCfg = Debug|Any CPU
		{F97ED685-515A-4365-8EE1-4423645C1B87}.Debug|x64.Build.0 = Debug|Any CPU
		{F97ED685-515A-4365-8EE1-4423645C1B87}.Debug|x86.ActiveCfg = Debug|Any CPU
		{F97ED685-515A-4365-8EE1-4423645C1B87}.Debug|x86.Build.0 = Debug|Any CPU
		{F97ED685-515A-4365-8EE1-4423645C1B87}.Release|Any CPU.ActiveCfg = Release|Any CPU
		{F97ED685-515A-4365-8EE1-4423645C1B87}.Release|Any CPU.Build.0 = Release|Any CPU
		{F97ED685-515A-4365-8EE1-4423645C1B87}.Release|x64.ActiveCfg = Release|Any CPU
		{F97ED685-515A-4365-8EE1-4423645C1B87}.Release|x64.Build.0 = Release|Any CPU
		{F97ED685-515A-4365-8EE1-4423645C1B87}.Release|x86.ActiveCfg = Release|Any CPU
		{F97ED685-515A-4365-8EE1-4423645C1B87}.Release|x86.Build.0 = Release|Any CPU
		{C113C2D4-8683-4134-B6DE-B55E15C8D723}.Debug|Any CPU.ActiveCfg = Debug|Any CPU
		{C113C2D4-8683-4134-B6DE-B55E15C8D723}.Debug|Any CPU.Build.0 = Debug|Any CPU
		{C113C2D4-8683-4134-B6DE-B55E15C8D723}.Debug|x64.ActiveCfg = Debug|Any CPU
		{C113C2D4-8683-4134-B6DE-B55E15C8D723}.Debug|x64.Build.0 = Debug|Any CPU
		{C113C2D4-8683-4134-B6DE-B55E15C8D723}.Debug|x86.ActiveCfg = Debug|Any CPU
		{C113C2D4-8683-4134-B6DE-B55E15C8D723}.Debug|x86.Build.0 = Debug|Any CPU
		{C113C2D4-8683-4134-B6DE-B55E15C8D723}.Release|Any CPU.ActiveCfg = Release|Any CPU
		{C113C2D4-8683-4134-B6DE-B55E15C8D723}.Release|Any CPU.Build.0 = Release|Any CPU
		{C113C2D4-8683-4134-B6DE-B55E15C8D723}.Release|x64.ActiveCfg = Release|Any CPU
		{C113C2D4-8683-4134-B6DE-B55E15C8D723}.Release|x64.Build.0 = Release|Any CPU
		{C113C2D4-8683-4134-B6DE-B55E15C8D723}.Release|x86.ActiveCfg = Release|Any CPU
		{C113C2D4-8683-4134-B6DE-B55E15C8D723}.Release|x86.Build.0 = Release|Any CPU
	EndGlobalSection
	GlobalSection(SolutionProperties) = preSolution
		HideSolutionNode = FALSE
	EndGlobalSection
	GlobalSection(NestedProjects) = preSolution
		{EB3708BA-F19F-4968-B11B-F4522CCA36B1} = {827E0CD3-B72D-47B6-A68D-7590B98EB39B}
		{9F8FED1D-DB0C-4B92-88C2-A139298342A5} = {827E0CD3-B72D-47B6-A68D-7590B98EB39B}
		{96656E5A-0483-4F3D-883E-4E68DA75933F} = {827E0CD3-B72D-47B6-A68D-7590B98EB39B}
		{DD14168D-8695-41EC-9812-FDEA9E686088} = {827E0CD3-B72D-47B6-A68D-7590B98EB39B}
		{FB4AC694-1EFD-438F-8BE7-5A9B06DF78A6} = {827E0CD3-B72D-47B6-A68D-7590B98EB39B}
		{6691DB87-D826-461A-860D-BEC82F65362C} = {0AB3BF05-4346-4AA6-1389-037BE0695223}
		{5BCC3723-2667-455C-B114-19218E42031D} = {0AB3BF05-4346-4AA6-1389-037BE0695223}
		{F97ED685-515A-4365-8EE1-4423645C1B87} = {0AB3BF05-4346-4AA6-1389-037BE0695223}
		{C113C2D4-8683-4134-B6DE-B55E15C8D723} = {0AB3BF05-4346-4AA6-1389-037BE0695223}
	EndGlobalSection
EndGlobal
